
Microsoft Visual Studio Solution File, Format Version 12.00
# Visual Studio 15
VisualStudioVersion = 15.0.28307.1401
MinimumVisualStudioVersion = 10.0.40219.1
Project("{FAE04EC0-301F-11D3-BF4B-00C04F79EFBC}") = "1_TypyGeneryczne", "2_KolekcjeGeneryczne\1_TypyGeneryczne.csproj", "{FB13D397-B20B-419F-94B3-B8AF6DE02BFF}"
EndProject
Project("{FAE04EC0-301F-11D3-BF4B-00C04F79EFBC}") = "2_KolekcjeGeneryczne", "2_KolekcjeGenery\2_KolekcjeGeneryczne.csproj", "{A46E0450-9354-40EB-B74B-08E79138C124}"
EndProject
Project("{FAE04EC0-301F-11D3-BF4B-00C04F79EFBC}") = "2_KolekcjeGenTest", "2_KolekcjeGenTest\2_KolekcjeGenTest.csproj", "{6A4A95E1-A1A5-4E5A-B746-D8DA9B7AC438}"
EndProject
Project("{FAE04EC0-301F-11D3-BF4B-00C04F79EFBC}") = "ConsoleApp1", "ConsoleApp1\ConsoleApp1.csproj", "{2D597141-90CE-44B7-89A7-725C23770969}"
EndProject
Global
	GlobalSection(SolutionConfigurationPlatforms) = preSolution
		Debug|Any CPU = Debug|Any CPU
		Release|Any CPU = Release|Any CPU
	EndGlobalSection
	GlobalSection(ProjectConfigurationPlatforms) = postSolution
		{FB13D397-B20B-419F-94B3-B8AF6DE02BFF}.Debug|Any CPU.ActiveCfg = Debug|Any CPU
		{FB13D397-B20B-419F-94B3-B8AF6DE02BFF}.Debug|Any CPU.Build.0 = Debug|Any CPU
		{FB13D397-B20B-419F-94B3-B8AF6DE02BFF}.Release|Any CPU.ActiveCfg = Release|Any CPU
		{FB13D397-B20B-419F-94B3-B8AF6DE02BFF}.Release|Any CPU.Build.0 = Release|Any CPU
		{A46E0450-9354-40EB-B74B-08E79138C124}.Debug|Any CPU.ActiveCfg = Debug|Any CPU
		{A46E0450-9354-40EB-B74B-08E79138C124}.Debug|Any CPU.Build.0 = Debug|Any CPU
		{A46E0450-9354-40EB-B74B-08E79138C124}.Release|Any CPU.ActiveCfg = Release|Any CPU
		{A46E0450-9354-40EB-B74B-08E79138C124}.Release|Any CPU.Build.0 = Release|Any CPU
		{6A4A95E1-A1A5-4E5A-B746-D8DA9B7AC438}.Debug|Any CPU.ActiveCfg = Debug|Any CPU
		{6A4A95E1-A1A5-4E5A-B746-D8DA9B7AC438}.Debug|Any CPU.Build.0 = Debug|Any CPU
		{6A4A95E1-A1A5-4E5A-B746-D8DA9B7AC438}.Release|Any CPU.ActiveCfg = Release|Any CPU
		{6A4A95E1-A1A5-4E5A-B746-D8DA9B7AC438}.Release|Any CPU.Build.0 = Release|Any CPU
		{2D597141-90CE-44B7-89A7-725C23770969}.Debug|Any CPU.ActiveCfg = Debug|Any CPU
		{2D597141-90CE-44B7-89A7-725C23770969}.Debug|Any CPU.Build.0 = Debug|Any CPU
		{2D597141-90CE-44B7-89A7-725C23770969}.Release|Any CPU.ActiveCfg = Release|Any CPU
		{2D597141-90CE-44B7-89A7-725C23770969}.Release|Any CPU.Build.0 = Release|Any CPU
	EndGlobalSection
	GlobalSection(SolutionProperties) = preSolution
		HideSolutionNode = FALSE
	EndGlobalSection
	GlobalSection(ExtensibilityGlobals) = postSolution
		SolutionGuid = {AF3D38DD-D8EE-45C0-BE30-DC648724B223}
	EndGlobalSection
EndGlobal
